github.com/digitorus/pkcs7 v0.0.0-20200320092839-808436b6f6d1 h1:V1cgDSp4Kq4eMCfazhWyqi2Js7BijkgPnp4Yej9CD9I=
github.com/digitorus/pkcs7 v0.0.0-20200320092839-808436b6f6d1/go.mod h1:p2IZ9yq2kEKGFr3rfpYxaaOzB0VdLbF8VkZReEIpJmU=
github.com/digitorus/timestamp v0.0.0-20210102082646-54ddd7720e27 h1:X8tvQGATvS7vQBAPPn0f7nQPcTamu4ecCbRafPrBgik=
github.com/digitorus/timestamp v0.0.0-20210102082646-54ddd7720e27/go.mod h1:IKw2TcDeMaZrNjpdq7gPc7I+a21+Sn34bUqWrTc70Hs=
github.com/grantae/certinfo v0.0.0-20170412194111-59d56a35515b h1:NGgE5ELokSf2tZ/bydyDUKrvd/jP8lrAoPNeBuMOTOk=
github.com/grantae/certinfo v0.0.0-20170412194111-59d56a35515b/go.mod h1:zT/uzhdQGTqlwTq7Lpbj3JoJQWfPfIJ1tE0OidAmih8=
